
Microsoft Visual Studio Solution File, Format Version 12.00
# Visual Studio Version 17
VisualStudioVersion = 17.5.33530.505
MinimumVisualStudioVersion = 10.0.40219.1
Project("{FAE04EC0-301F-11D3-BF4B-00C04F79EFBC}") = "FimiAppUI", "FimiAppUI\FimiAppUI.csproj", "{E1C61E0C-432D-4364-A7D0-B26F1A8FB3F0}"
EndProject
Project("{FAE04EC0-301F-11D3-BF4B-00C04F79EFBC}") = "FimiAppLibrary", "FimiAppLibrary\FimiAppLibrary.csproj", "{03E354C0-2711-490A-8BCE-355F45C87C61}"
EndProject
Project("{2150E333-8FDC-42A3-9474-1A3956D46DE8}") = "Solution Items", "Solution Items", "{328F54DC-7AEF-4923-9C8E-A48153DCB27C}"
	ProjectSection(SolutionItems) = preProject
		.editorconfig = .editorconfig
	EndProjectSection
EndProject
Global
	GlobalSection(SolutionConfigurationPlatforms) = preSolution
		Debug|Any CPU = Debug|Any CPU
		Release|Any CPU = Release|Any CPU
	EndGlobalSection
	GlobalSection(ProjectConfigurationPlatforms) = postSolution
		{E1C61E0C-432D-4364-A7D0-B26F1A8FB3F0}.Debug|Any CPU.ActiveCfg = Debug|Any CPU
		{E1C61E0C-432D-4364-A7D0-B26F1A8FB3F0}.Debug|Any CPU.Build.0 = Debug|Any CPU
		{E1C61E0C-432D-4364-A7D0-B26F1A8FB3F0}.Release|Any CPU.ActiveCfg = Release|Any CPU
		{E1C61E0C-432D-4364-A7D0-B26F1A8FB3F0}.Release|Any CPU.Build.0 = Release|Any CPU
		{03E354C0-2711-490A-8BCE-355F45C87C61}.Debug|Any CPU.ActiveCfg = Debug|Any CPU
		{03E354C0-2711-490A-8BCE-355F45C87C61}.Debug|Any CPU.Build.0 = Debug|Any CPU
		{03E354C0-2711-490A-8BCE-355F45C87C61}.Release|Any CPU.ActiveCfg = Release|Any CPU
		{03E354C0-2711-490A-8BCE-355F45C87C61}.Release|Any CPU.Build.0 = Release|Any CPU
	EndGlobalSection
	GlobalSection(SolutionProperties) = preSolution
		HideSolutionNode = FALSE
	EndGlobalSection
	GlobalSection(ExtensibilityGlobals) = postSolution
		SolutionGuid = {7C9976E4-25C3-4C40-8421-57EF7F3B00F5}
	EndGlobalSection
EndGlobal
